// !$*UTF8*$!
{
	archiveVersion = 1;
	classes = {
	};
	objectVersion = 77;
	objects = {

/* Begin PBXContainerItemProxy section */
		348BF43B2D9DE7760090ABB2 /* PBXContainerItemProxy */ = {
			isa = PBXContainerItemProxy;
			containerPortal = 348BF4252D9DE7740090ABB2 /* Project object */;
			proxyType = 1;
			remoteGlobalIDString = 348BF42C2D9DE7740090ABB2;
			remoteInfo = Physio;
		};
		348BF4452D9DE7760090ABB2 /* PBXContainerItemProxy */ = {
			isa = PBXContainerItemProxy;
			containerPortal = 348BF4252D9DE7740090ABB2 /* Project object */;
			proxyType = 1;
			remoteGlobalIDString = 348BF42C2D9DE7740090ABB2;
			remoteInfo = Physio;
		};
/* End PBXContainerItemProxy section */

/* Begin PBXFileReference section */
		348BF42D2D9DE7740090ABB2 /* Physio.app */ = {isa = PBXFileReference; explicitFileType = wrapper.application; includeInIndex = 0; path = Physio.app; sourceTree = BUILT_PRODUCTS_DIR; };
		348BF43A2D9DE7760090ABB2 /* PhysioTests.xctest */ = {isa = PBXFileReference; explicitFileType = wrapper.cfbundle; includeInIndex = 0; path = PhysioTests.xctest; sourceTree = BUILT_PRODUCTS_DIR; };
		348BF4442D9DE7760090ABB2 /* PhysioUITests.xctest */ = {isa = PBXFileReference; explicitFileType = wrapper.cfbundle; includeInIndex = 0; path = PhysioUITests.xctest; sourceTree = BUILT_PRODUCTS_DIR; };
/* End PBXFileReference section */

/* Begin PBXFileSystemSynchronizedRootGroup section */
		348BF42F2D9DE7740090ABB2 /* Physio */ = {
			isa = PBXFileSystemSynchronizedRootGroup;
			path = Physio;
			sourceTree = "<group>";
		};
		348BF43D2D9DE7760090ABB2 /* PhysioTests */ = {
			isa = PBXFileSystemSynchronizedRootGroup;
			path = PhysioTests;
			sourceTree = "<group>";
		};
		348BF4472D9DE7760090ABB2 /* PhysioUITests */ = {
			isa = PBXFileSystemSynchronizedRootGroup;
			path = PhysioUITests;
			sourceTree = "<group>";
		};
/* End PBXFileSystemSynchronizedRootGroup section */

/* Begin PBXFrameworksBuildPhase section */
		348BF42A2D9DE7740090ABB2 /* Frameworks */ = {
			isa = PBXFrameworksBuildPhase;
			buildActionMask = 2147483647;
			files = (
			);
			runOnlyForDeploymentPostprocessing = 0;
		};
		348BF4372D9DE7760090ABB2 /* Frameworks */ = {
			isa = PBXFrameworksBuildPhase;
			buildActionMask = 2147483647;
			files = (
			);
			runOnlyForDeploymentPostprocessing = 0;
		};
		348BF4412D9DE7760090ABB2 /* Frameworks */ = {
			isa = PBXFrameworksBuildPhase;
			buildActionMask = 2147483647;
			files = (
			);
			runOnlyForDeploymentPostprocessing = 0;
		};
/* End PBXFrameworksBuildPhase section */

/* Begin PBXGroup section */
		348BF4242D9DE7740090ABB2 = {
			isa = PBXGroup;
			children = (
				348BF42F2D9DE7740090ABB2 /* Physio */,
				348BF43D2D9DE7760090ABB2 /* PhysioTests */,
				348BF4472D9DE7760090ABB2 /* PhysioUITests */,
				348BF42E2D9DE7740090ABB2 /* Products */,
			);
			sourceTree = "<group>";
		};
		348BF42E2D9DE7740090ABB2 /* Products */ = {
			isa = PBXGroup;
			children = (
				348BF42D2D9DE7740090ABB2 /* Physio.app */,
				348BF43A2D9DE7760090ABB2 /* PhysioTests.xctest */,
				348BF4442D9DE7760090ABB2 /* PhysioUITests.xctest */,
			);
			name = Products;
			sourceTree = "<group>";
		};
/* End PBXGroup section */

/* Begin PBXNativeTarget section */
		348BF42C2D9DE7740090ABB2 /* Physio */ = {
			isa = PBXNativeTarget;
			buildConfigurationList = 348BF44E2D9DE7760090ABB2 /* Build configuration list for PBXNativeTarget "Physio" */;
			buildPhases = (
				348BF4292D9DE7740090ABB2 /* Sources */,
				348BF42A2D9DE7740090ABB2 /* Frameworks */,
				348BF42B2D9DE7740090ABB2 /* Resources */,
			);
			buildRules = (
			);
			dependencies = (
			);
			fileSystemSynchronizedGroups = (
				348BF42F2D9DE7740090ABB2 /* Physio */,
			);
			name = Physio;
			packageProductDependencies = (
			);
			productName = Physio;
			productReference = 348BF42D2D9DE7740090ABB2 /* Physio.app */;
			productType = "com.apple.product-type.application";
		};
		348BF4392D9DE7760090ABB2 /* PhysioTests */ = {
			isa = PBXNativeTarget;
			buildConfigurationList = 348BF4512D9DE7760090ABB2 /* Build configuration list for PBXNativeTarget "PhysioTests" */;
			buildPhases = (
				348BF4362D9DE7760090ABB2 /* Sources */,
				348BF4372D9DE7760090ABB2 /* Frameworks */,
				348BF4382D9DE7760090ABB2 /* Resources */,
			);
			buildRules = (
			);
			dependencies = (
				348BF43C2D9DE7760090ABB2 /* PBXTargetDependency */,
			);
			fileSystemSynchronizedGroups = (
				348BF43D2D9DE7760090ABB2 /* PhysioTests */,
			);
			name = PhysioTests;
			packageProductDependencies = (
			);
			productName = PhysioTests;
			productReference = 348BF43A2D9DE7760090ABB2 /* PhysioTests.xctest */;
			productType = "com.apple.product-type.bundle.unit-test";
		};
		348BF4432D9DE7760090ABB2 /* PhysioUITests */ = {
			isa = PBXNativeTarget;
			buildConfigurationList = 348BF4542D9DE7760090ABB2 /* Build configuration list for PBXNativeTarget "PhysioUITests" */;
			buildPhases = (
				348BF4402D9DE7760090ABB2 /* Sources */,
				348BF4412D9DE7760090ABB2 /* Frameworks */,
				348BF4422D9DE7760090ABB2 /* Resources */,
			);
			buildRules = (
			);
			dependencies = (
				348BF4462D9DE7760090ABB2 /* PBXTargetDependency */,
			);
			fileSystemSynchronizedGroups = (
				348BF4472D9DE7760090ABB2 /* PhysioUITests */,
			);
			name = PhysioUITests;
			packageProductDependencies = (
			);
			productName = PhysioUITests;
			productReference = 348BF4442D9DE7760090ABB2 /* PhysioUITests.xctest */;
			productType = "com.apple.product-type.bundle.ui-testing";
		};
/* End PBXNativeTarget section */

/* Begin PBXProject section */
		348BF4252D9DE7740090ABB2 /* Project object */ = {
			isa = PBXProject;
			attributes = {
				BuildIndependentTargetsInParallel = 1;
				LastSwiftUpdateCheck = 1630;
				LastUpgradeCheck = 1630;
				TargetAttributes = {
					348BF42C2D9DE7740090ABB2 = {
						CreatedOnToolsVersion = 16.3;
					};
					348BF4392D9DE7760090ABB2 = {
						CreatedOnToolsVersion = 16.3;
						TestTargetID = 348BF42C2D9DE7740090ABB2;
					};
					348BF4432D9DE7760090ABB2 = {
						CreatedOnToolsVersion = 16.3;
						TestTargetID = 348BF42C2D9DE7740090ABB2;
					};
				};
			};
			buildConfigurationList = 348BF4282D9DE7740090ABB2 /* Build configuration list for PBXProject "Physio" */;
			developmentRegion = en;
			hasScannedForEncodings = 0;
			knownRegions = (
				en,
				Base,
			);
			mainGroup = 348BF4242D9DE7740090ABB2;
			minimizedProjectReferenceProxies = 1;
			preferredProjectObjectVersion = 77;
			productRefGroup = 348BF42E2D9DE7740090ABB2 /* Products */;
			projectDirPath = "";
			projectRoot = "";
			targets = (
				348BF42C2D9DE7740090ABB2 /* Physio */,
				348BF4392D9DE7760090ABB2 /* PhysioTests */,
				348BF4432D9DE7760090ABB2 /* PhysioUITests */,
			);
		};
/* End PBXProject section */

/* Begin PBXResourcesBuildPhase section */
		348BF42B2D9DE7740090ABB2 /* Resources */ = {
			isa = PBXResourcesBuildPhase;
			buildActionMask = 2147483647;
			files = (
			);
			runOnlyForDeploymentPostprocessing = 0;
		};
		348BF4382D9DE7760090ABB2 /* Resources */ = {
			isa = PBXResourcesBuildPhase;
			buildActionMask = 2147483647;
			files = (
			);
			runOnlyForDeploymentPostprocessing = 0;
		};
		348BF4422D9DE7760090ABB2 /* Resources */ = {
			isa = PBXResourcesBuildPhase;
			buildActionMask = 2147483647;
			files = (
			);
			runOnlyForDeploymentPostprocessing = 0;
		};
/* End PBXResourcesBuildPhase section */

/* Begin PBXSourcesBuildPhase section */
		348BF4292D9DE7740090ABB2 /* Sources */ = {
			isa = PBXSourcesBuildPhase;
			buildActionMask = 2147483647;
			files = (
			);
			runOnlyForDeploymentPostprocessing = 0;
		};
		348BF4362D9DE7760090ABB2 /* Sources */ = {
			isa = PBXSourcesBuildPhase;
			buildActionMask = 2147483647;
			files = (
			);
			runOnlyForDeploymentPostprocessing = 0;
		};
		348BF4402D9DE7760090ABB2 /* Sources */ = {
			isa = PBXSourcesBuildPhase;
			buildActionMask = 2147483647;
			files = (
			);
			runOnlyForDeploymentPostprocessing = 0;
		};
/* End PBXSourcesBuildPhase section */

/* Begin PBXTargetDependency section */
		348BF43C2D9DE7760090ABB2 /* PBXTargetDependency */ = {
			isa = PBXTargetDependency;
			target = 348BF42C2D9DE7740090ABB2 /* Physio */;
			targetProxy = 348BF43B2D9DE7760090ABB2 /* PBXContainerItemProxy */;
		};
		348BF4462D9DE7760090ABB2 /* PBXTargetDependency */ = {
			isa = PBXTargetDependency;
			target = 348BF42C2D9DE7740090ABB2 /* Physio */;
			targetProxy = 348BF4452D9DE7760090ABB2 /* PBXContainerItemProxy */;
		};
/* End PBXTargetDependency section */

/* Begin XCBuildConfiguration section */
		348BF44C2D9DE7760090ABB2 /* Debug */ = {
			isa = XCBuildConfiguration;
			buildSettings = {
				ALWAYS_SEARCH_USER_PATHS = NO;
				ASSETCATALOG_COMPILER_GENERATE_SWIFT_ASSET_SYMBOL_EXTENSIONS = YES;
				CLANG_ANALYZER_NONNULL = YES;
				CLANG_ANALYZER_NUMBER_OBJECT_CONVERSION = YES_AGGRESSIVE;
				CLANG_CXX_LANGUAGE_STANDARD = "gnu++20";
				CLANG_ENABLE_MODULES = YES;
				CLANG_ENABLE_OBJC_ARC = YES;
				CLANG_ENABLE_OBJC_WEAK = YES;
				CLANG_WARN_BLOCK_CAPTURE_AUTORELEASING = YES;
				CLANG_WARN_BOOL_CONVERSION = YES;
				CLANG_WARN_COMMA = YES;
				CLANG_WARN_CONSTANT_CONVERSION = YES;
				CLANG_WARN_DEPRECATED_OBJC_IMPLEMENTATIONS = YES;
				CLANG_WARN_DIRECT_OBJC_ISA_USAGE = YES_ERROR;
				CLANG_WARN_DOCUMENTATION_COMMENTS = YES;
				CLANG_WARN_EMPTY_BODY = YES;
				CLANG_WARN_ENUM_CONVERSION = YES;
				CLANG_WARN_INFINITE_RECURSION = YES;
				CLANG_WARN_INT_CONVERSION = YES;
				CLANG_WARN_NON_LITERAL_NULL_CONVERSION = YES;
				CLANG_WARN_OBJC_IMPLICIT_RETAIN_SELF = YES;
				CLANG_WARN_OBJC_LITERAL_CONVERSION = YES;
				CLANG_WARN_OBJC_ROOT_CLASS = YES_ERROR;
				CLANG_WARN_QUOTED_INCLUDE_IN_FRAMEWORK_HEADER = YES;
				CLANG_WARN_RANGE_LOOP_ANALYSIS = YES;
				CLANG_WARN_STRICT_PROTOTYPES = YES;
				CLANG_WARN_SUSPICIOUS_MOVE = YES;
				CLANG_WARN_UNGUARDED_AVAILABILITY = YES_AGGRESSIVE;
				CLANG_WARN_UNREACHABLE_CODE = YES;
				CLANG_WARN__DUPLICATE_METHOD_MATCH = YES;
				COPY_PHASE_STRIP = NO;
				DEBUG_INFORMATION_FORMAT = dwarf;
				ENABLE_STRICT_OBJC_MSGSEND = YES;
				ENABLE_TESTABILITY = YES;
				ENABLE_USER_SCRIPT_SANDBOXING = YES;
				GCC_C_LANGUAGE_STANDARD = gnu17;
				GCC_DYNAMIC_NO_PIC = NO;
				GCC_NO_COMMON_BLOCKS = YES;
				GCC_OPTIMIZATION_LEVEL = 0;
				GCC_PREPROCESSOR_DEFINITIONS = (
					"DEBUG=1",
					"$(inherited)",
				);
				GCC_WARN_64_TO_32_BIT_CONVERSION = YES;
				GCC_WARN_ABOUT_RETURN_TYPE = YES_ERROR;
				GCC_WARN_UNDECLARED_SELECTOR = YES;
				GCC_WARN_UNINITIALIZED_AUTOS = YES_AGGRESSIVE;
				GCC_WARN_UNUSED_FUNCTION = YES;
				GCC_WARN_UNUSED_VARIABLE = YES;
				IPHONEOS_DEPLOYMENT_TARGET = 18.4;
				LOCALIZATION_PREFERS_STRING_CATALOGS = YES;
				MTL_ENABLE_DEBUG_INFO = INCLUDE_SOURCE;
				MTL_FAST_MATH = YES;
				ONLY_ACTIVE_ARCH = YES;
				SDKROOT = iphoneos;
				SWIFT_ACTIVE_COMPILATION_CONDITIONS = "DEBUG $(inherited)";
				SWIFT_OPTIMIZATION_LEVEL = "-Onone";
			};
			name = Debug;
		};
		348BF44D2D9DE7760090ABB2 /* Release */ = {
			isa = XCBuildConfiguration;
			buildSettings = {
				ALWAYS_SEARCH_USER_PATHS = NO;
				ASSETCATALOG_COMPILER_GENERATE_SWIFT_ASSET_SYMBOL_EXTENSIONS = YES;
				CLANG_ANALYZER_NONNULL = YES;
				CLANG_ANALYZER_NUMBER_OBJECT_CONVERSION = YES_AGGRESSIVE;
				CLANG_CXX_LANGUAGE_STANDARD = "gnu++20";
				CLANG_ENABLE_MODULES = YES;
				CLANG_ENABLE_OBJC_ARC = YES;
				CLANG_ENABLE_OBJC_WEAK = YES;
				CLANG_WARN_BLOCK_CAPTURE_AUTORELEASING = YES;
				CLANG_WARN_BOOL_CONVERSION = YES;
				CLANG_WARN_COMMA = YES;
				CLANG_WARN_CONSTANT_CONVERSION = YES;
				CLANG_WARN_DEPRECATED_OBJC_IMPLEMENTATIONS = YES;
				CLANG_WARN_DIRECT_OBJC_ISA_USAGE = YES_ERROR;
				CLANG_WARN_DOCUMENTATION_COMMENTS = YES;
				CLANG_WARN_EMPTY_BODY = YES;
				CLANG_WARN_ENUM_CONVERSION = YES;
				CLANG_WARN_INFINITE_RECURSION = YES;
				CLANG_WARN_INT_CONVERSION = YES;
				CLANG_WARN_NON_LITERAL_NULL_CONVERSION = YES;
				CLANG_WARN_OBJC_IMPLICIT_RETAIN_SELF = YES;
				CLANG_WARN_OBJC_LITERAL_CONVERSION = YES;
				CLANG_WARN_OBJC_ROOT_CLASS = YES_ERROR;
				CLANG_WARN_QUOTED_INCLUDE_IN_FRAMEWORK_HEADER = YES;
				CLANG_WARN_RANGE_LOOP_ANALYSIS = YES;
				CLANG_WARN_STRICT_PROTOTYPES = YES;
				CLANG_WARN_SUSPICIOUS_MOVE = YES;
				CLANG_WARN_UNGUARDED_AVAILABILITY = YES_AGGRESSIVE;
				CLANG_WARN_UNREACHABLE_CODE = YES;
				CLANG_WARN__DUPLICATE_METHOD_MATCH = YES;
				COPY_PHASE_STRIP = NO;
				DEBUG_INFORMATION_FORMAT = "dwarf-with-dsym";
				ENABLE_NS_ASSERTIONS = NO;
				ENABLE_STRICT_OBJC_MSGSEND = YES;
				ENABLE_USER_SCRIPT_SANDBOXING = YES;
				GCC_C_LANGUAGE_STANDARD = gnu17;
				GCC_NO_COMMON_BLOCKS = YES;
				GCC_WARN_64_TO_32_BIT_CONVERSION = YES;
				GCC_WARN_ABOUT_RETURN_TYPE = YES_ERROR;
				GCC_WARN_UNDECLARED_SELECTOR = YES;
				GCC_WARN_UNINITIALIZED_AUTOS = YES_AGGRESSIVE;
				GCC_WARN_UNUSED_FUNCTION = YES;
				GCC_WARN_UNUSED_VARIABLE = YES;
				IPHONEOS_DEPLOYMENT_TARGET = 18.4;
				LOCALIZATION_PREFERS_STRING_CATALOGS = YES;
				MTL_ENABLE_DEBUG_INFO = NO;
				MTL_FAST_MATH = YES;
				SDKROOT = iphoneos;
				SWIFT_COMPILATION_MODE = wholemodule;
				VALIDATE_PRODUCT = YES;
			};
			name = Release;
		};
		348BF44F2D9DE7760090ABB2 /* Debug */ = {
			isa = XCBuildConfiguration;
			buildSettings = {
				ASSETCATALOG_COMPILER_APPICON_NAME = AppIcon;
				ASSETCATALOG_COMPILER_GLOBAL_ACCENT_COLOR_NAME = AccentColor;
				CODE_SIGN_STYLE = Automatic;
				CURRENT_PROJECT_VERSION = 1;
				ENABLE_PREVIEWS = YES;
				GENERATE_INFOPLIST_FILE = YES;
				INFOPLIST_KEY_UIApplicationSceneManifest_Generation = YES;
				INFOPLIST_KEY_UIApplicationSupportsIndirectInputEvents = YES;
				INFOPLIST_KEY_UILaunchScreen_Generation = YES;
				INFOPLIST_KEY_UISupportedInterfaceOrientations_iPad = "UIInterfaceOrientationPortrait UIInterfaceOrientationPortraitUpsideDown UIInterfaceOrientationLandscapeLeft UIInterfaceOrientationLandscapeRight";
				INFOPLIST_KEY_UISupportedInterfaceOrientations_iPhone = "UIInterfaceOrientationPortrait UIInterfaceOrientationLandscapeLeft UIInterfaceOrientationLandscapeRight";
				LD_RUNPATH_SEARCH_PATHS = (
					"$(inherited)",
					"@executable_path/Frameworks",
				);
				MARKETING_VERSION = 1.0;
				PRODUCT_BUNDLE_IDENTIFIER = physio.Physio;
				PRODUCT_NAME = "$(TARGET_NAME)";
				SWIFT_EMIT_LOC_STRINGS = YES;
				SWIFT_VERSION = 5.0;
				TARGETED_DEVICE_FAMILY = "1,2";
			};
			name = Debug;
		};
		348BF4502D9DE7760090ABB2 /* Release */ = {
			isa = XCBuildConfiguration;
			buildSettings = {
				ASSETCATALOG_COMPILER_APPICON_NAME = AppIcon;
				ASSETCATALOG_COMPILER_GLOBAL_ACCENT_COLOR_NAME = AccentColor;
				CODE_SIGN_STYLE = Automatic;
				CURRENT_PROJECT_VERSION = 1;
				ENABLE_PREVIEWS = YES;
				GENERATE_INFOPLIST_FILE = YES;
				INFOPLIST_KEY_UIApplicationSceneManifest_Generation = YES;
				INFOPLIST_KEY_UIApplicationSupportsIndirectInputEvents = YES;
				INFOPLIST_KEY_UILaunchScreen_Generation = YES;
				INFOPLIST_KEY_UISupportedInterfaceOrientations_iPad = "UIInterfaceOrientationPortrait UIInterfaceOrientationPortraitUpsideDown UIInterfaceOrientationLandscapeLeft UIInterfaceOrientationLandscapeRight";
				INFOPLIST_KEY_UISupportedInterfaceOrientations_iPhone = "UIInterfaceOrientationPortrait UIInterfaceOrientationLandscapeLeft UIInterfaceOrientationLandscapeRight";
				LD_RUNPATH_SEARCH_PATHS = (
					"$(inherited)",
					"@executable_path/Frameworks",
				);
				MARKETING_VERSION = 1.0;
				PRODUCT_BUNDLE_IDENTIFIER = physio.Physio;
				PRODUCT_NAME = "$(TARGET_NAME)";
				SWIFT_EMIT_LOC_STRINGS = YES;
				SWIFT_VERSION = 5.0;
				TARGETED_DEVICE_FAMILY = "1,2";
			};
			name = Release;
		};
		348BF4522D9DE7760090ABB2 /* Debug */ = {
			isa = XCBuildConfiguration;
			buildSettings = {
				BUNDLE_LOADER = "$(TEST_HOST)";
				CODE_SIGN_STYLE = Automatic;
				CURRENT_PROJECT_VERSION = 1;
				GENERATE_INFOPLIST_FILE = YES;
				IPHONEOS_DEPLOYMENT_TARGET = 18.4;
				MARKETING_VERSION = 1.0;
				PRODUCT_BUNDLE_IDENTIFIER = physio.PhysioTests;
				PRODUCT_NAME = "$(TARGET_NAME)";
				SWIFT_EMIT_LOC_STRINGS = NO;
				SWIFT_VERSION = 5.0;
				TARGETED_DEVICE_FAMILY = "1,2";
				TEST_HOST = "$(BUILT_PRODUCTS_DIR)/Physio.app/$(BUNDLE_EXECUTABLE_FOLDER_PATH)/Physio";
			};
			name = Debug;
		};
		348BF4532D9DE7760090ABB2 /* Release */ = {
			isa = XCBuildConfiguration;
			buildSettings = {
				BUNDLE_LOADER = "$(TEST_HOST)";
				CODE_SIGN_STYLE = Automatic;
				CURRENT_PROJECT_VERSION = 1;
				GENERATE_INFOPLIST_FILE = YES;
				IPHONEOS_DEPLOYMENT_TARGET = 18.4;
				MARKETING_VERSION = 1.0;
				PRODUCT_BUNDLE_IDENTIFIER = physio.PhysioTests;
				PRODUCT_NAME = "$(TARGET_NAME)";
				SWIFT_EMIT_LOC_STRINGS = NO;
				SWIFT_VERSION = 5.0;
				TARGETED_DEVICE_FAMILY = "1,2";
				TEST_HOST = "$(BUILT_PRODUCTS_DIR)/Physio.app/$(BUNDLE_EXECUTABLE_FOLDER_PATH)/Physio";
			};
			name = Release;
		};
		348BF4552D9DE7760090ABB2 /* Debug */ = {
			isa = XCBuildConfiguration;
			buildSettings = {
				CODE_SIGN_STYLE = Automatic;
				CURRENT_PROJECT_VERSION = 1;
				GENERATE_INFOPLIST_FILE = YES;
				MARKETING_VERSION = 1.0;
				PRODUCT_BUNDLE_IDENTIFIER = physio.PhysioUITests;
				PRODUCT_NAME = "$(TARGET_NAME)";
				SWIFT_EMIT_LOC_STRINGS = NO;
				SWIFT_VERSION = 5.0;
				TARGETED_DEVICE_FAMILY = "1,2";
				TEST_TARGET_NAME = Physio;
			};
			name = Debug;
		};
		348BF4562D9DE7760090ABB2 /* Release */ = {
			isa = XCBuildConfiguration;
			buildSettings = {
				CODE_SIGN_STYLE = Automatic;
				CURRENT_PROJECT_VERSION = 1;
				GENERATE_INFOPLIST_FILE = YES;
				MARKETING_VERSION = 1.0;
				PRODUCT_BUNDLE_IDENTIFIER = physio.PhysioUITests;
				PRODUCT_NAME = "$(TARGET_NAME)";
				SWIFT_EMIT_LOC_STRINGS = NO;
				SWIFT_VERSION = 5.0;
				TARGETED_DEVICE_FAMILY = "1,2";
				TEST_TARGET_NAME = Physio;
			};
			name = Release;
		};
/* End XCBuildConfiguration section */

/* Begin XCConfigurationList section */
		348BF4282D9DE7740090ABB2 /* Build configuration list for PBXProject "Physio" */ = {
			isa = XCConfigurationList;
			buildConfigurations = (
				348BF44C2D9DE7760090ABB2 /* Debug */,
				348BF44D2D9DE7760090ABB2 /* Release */,
			);
			defaultConfigurationIsVisible = 0;
			defaultConfigurationName = Release;
		};
		348BF44E2D9DE7760090ABB2 /* Build configuration list for PBXNativeTarget "Physio" */ = {
			isa = XCConfigurationList;
			buildConfigurations = (
				348BF44F2D9DE7760090ABB2 /* Debug */,
				348BF4502D9DE7760090ABB2 /* Release */,
			);
			defaultConfigurationIsVisible = 0;
			defaultConfigurationName = Release;
		};
		348BF4512D9DE7760090ABB2 /* Build configuration list for PBXNativeTarget "PhysioTests" */ = {
			isa = XCConfigurationList;
			buildConfigurations = (
				348BF4522D9DE7760090ABB2 /* Debug */,
				348BF4532D9DE7760090ABB2 /* Release */,
			);
			defaultConfigurationIsVisible = 0;
			defaultConfigurationName = Release;
		};
		348BF4542D9DE7760090ABB2 /* Build configuration list for PBXNativeTarget "PhysioUITests" */ = {
			isa = XCConfigurationList;
			buildConfigurations = (
				348BF4552D9DE7760090ABB2 /* Debug */,
				348BF4562D9DE7760090ABB2 /* Release */,
			);
			defaultConfigurationIsVisible = 0;
			defaultConfigurationName = Release;
		};
/* End XCConfigurationList section */
	};
	rootObject = 348BF4252D9DE7740090ABB2 /* Project object */;
}
